
Microsoft Visual Studio Solution File, Format Version 12.00
# Visual Studio 15
VisualStudioVersion = 15.0.26430.6
MinimumVisualStudioVersion = 10.0.40219.1
Project("{FAE04EC0-301F-11D3-BF4B-00C04F79EFBC}") = "NotHotdog.Android", "NotHotdog\NotHotdog.Android\NotHotdog.Android.csproj", "{30A3C654-96D1-4DDF-AD77-4119844F203A}"
EndProject
Project("{FAE04EC0-301F-11D3-BF4B-00C04F79EFBC}") = "NotHotdog", "NotHotdog\NotHotdog\NotHotdog.csproj", "{0055A54C-F989-4434-AE97-2C4B2D88C59F}"
EndProject
Project("{FAE04EC0-301F-11D3-BF4B-00C04F79EFBC}") = "NotHotdog.UWP", "NotHotdog\NotHotdog.UWP\NotHotdog.UWP.csproj", "{835333F1-059A-4A31-B067-2F1A871A67AE}"
EndProject
Project("{FAE04EC0-301F-11D3-BF4B-00C04F79EFBC}") = "NotHotdog.iOS", "NotHotdog\NotHotdog.iOS\NotHotdog.iOS.csproj", "{F444FF73-259E-4037-8C09-E78E3DF9003C}"
EndProject
Global
	GlobalSection(SolutionConfigurationPlatforms) = preSolution
		Ad-Hoc|Any CPU = Ad-Hoc|Any CPU
		Ad-Hoc|ARM = Ad-Hoc|ARM
		Ad-Hoc|iPhone = Ad-Hoc|iPhone
		Ad-Hoc|iPhoneSimulator = Ad-Hoc|iPhoneSimulator
		Ad-Hoc|x64 = Ad-Hoc|x64
		Ad-Hoc|x86 = Ad-Hoc|x86
		AppStore|Any CPU = AppStore|Any CPU
		AppStore|ARM = AppStore|ARM
		AppStore|iPhone = AppStore|iPhone
		AppStore|iPhoneSimulator = AppStore|iPhoneSimulator
		AppStore|x64 = AppStore|x64
		AppStore|x86 = AppStore|x86
		Debug|Any CPU = Debug|Any CPU
		Debug|ARM = Debug|ARM
		Debug|iPhone = Debug|iPhone
		Debug|iPhoneSimulator = Debug|iPhoneSimulator
		Debug|x64 = Debug|x64
		Debug|x86 = Debug|x86
		Release|Any CPU = Release|Any CPU
		Release|ARM = Release|ARM
		Release|iPhone = Release|iPhone
		Release|iPhoneSimulator = Release|iPhoneSimulator
		Release|x64 = Release|x64
		Release|x86 = Release|x86
	EndGlobalSection
	GlobalSection(ProjectConfigurationPlatforms) = postSolution
		{30A3C654-96D1-4DDF-AD77-4119844F203A}.Ad-Hoc|Any CPU.ActiveCfg = Release|Any CPU
		{30A3C654-96D1-4DDF-AD77-4119844F203A}.Ad-Hoc|Any CPU.Build.0 = Release|Any CPU
		{30A3C654-96D1-4DDF-AD77-4119844F203A}.Ad-Hoc|Any CPU.Deploy.0 = Release|Any CPU
		{30A3C654-96D1-4DDF-AD77-4119844F203A}.Ad-Hoc|ARM.ActiveCfg = Release|Any CPU
		{30A3C654-96D1-4DDF-AD77-4119844F203A}.Ad-Hoc|ARM.Build.0 = Release|Any CPU
		{30A3C654-96D1-4DDF-AD77-4119844F203A}.Ad-Hoc|ARM.Deploy.0 = Release|Any CPU
		{30A3C654-96D1-4DDF-AD77-4119844F203A}.Ad-Hoc|iPhone.ActiveCfg = Release|Any CPU
		{30A3C654-96D1-4DDF-AD77-4119844F203A}.Ad-Hoc|iPhone.Build.0 = Release|Any CPU
		{30A3C654-96D1-4DDF-AD77-4119844F203A}.Ad-Hoc|iPhone.Deploy.0 = Release|Any CPU
		{30A3C654-96D1-4DDF-AD77-4119844F203A}.Ad-Hoc|iPhoneSimulator.ActiveCfg = Release|Any CPU
		{30A3C654-96D1-4DDF-AD77-4119844F203A}.Ad-Hoc|iPhoneSimulator.Build.0 = Release|Any CPU
		{30A3C654-96D1-4DDF-AD77-4119844F203A}.Ad-Hoc|iPhoneSimulator.Deploy.0 = Release|Any CPU
		{30A3C654-96D1-4DDF-AD77-4119844F203A}.Ad-Hoc|x64.ActiveCfg = Release|Any CPU
		{30A3C654-96D1-4DDF-AD77-4119844F203A}.Ad-Hoc|x64.Build.0 = Release|Any CPU
		{30A3C654-96D1-4DDF-AD77-4119844F203A}.Ad-Hoc|x64.Deploy.0 = Release|Any CPU
		{30A3C654-96D1-4DDF-AD77-4119844F203A}.Ad-Hoc|x86.ActiveCfg = Release|Any CPU
		{30A3C654-96D1-4DDF-AD77-4119844F203A}.Ad-Hoc|x86.Build.0 = Release|Any CPU
		{30A3C654-96D1-4DDF-AD77-4119844F203A}.Ad-Hoc|x86.Deploy.0 = Release|Any CPU
		{30A3C654-96D1-4DDF-AD77-4119844F203A}.AppStore|Any CPU.ActiveCfg = Release|Any CPU
		{30A3C654-96D1-4DDF-AD77-4119844F203A}.AppStore|Any CPU.Build.0 = Release|Any CPU
		{30A3C654-96D1-4DDF-AD77-4119844F203A}.AppStore|Any CPU.Deploy.0 = Release|Any CPU
		{30A3C654-96D1-4DDF-AD77-4119844F203A}.AppStore|ARM.ActiveCfg = Release|Any CPU
		{30A3C654-96D1-4DDF-AD77-4119844F203A}.AppStore|ARM.Build.0 = Release|Any CPU
		{30A3C654-96D1-4DDF-AD77-4119844F203A}.AppStore|ARM.Deploy.0 = Release|Any CPU
		{30A3C654-96D1-4DDF-AD77-4119844F203A}.AppStore|iPhone.ActiveCfg = Release|Any CPU
		{30A3C654-96D1-4DDF-AD77-4119844F203A}.AppStore|iPhone.Build.0 = Release|Any CPU
		{30A3C654-96D1-4DDF-AD77-4119844F203A}.AppStore|iPhone.Deploy.0 = Release|Any CPU
		{30A3C654-96D1-4DDF-AD77-4119844F203A}.AppStore|iPhoneSimulator.ActiveCfg = Release|Any CPU
		{30A3C654-96D1-4DDF-AD77-4119844F203A}.AppStore|iPhoneSimulator.Build.0 = Release|Any CPU
		{30A3C654-96D1-4DDF-AD77-4119844F203A}.AppStore|iPhoneSimulator.Deploy.0 = Release|Any CPU
		{30A3C654-96D1-4DDF-AD77-4119844F203A}.AppStore|x64.ActiveCfg = Release|Any CPU
		{30A3C654-96D1-4DDF-AD77-4119844F203A}.AppStore|x64.Build.0 = Release|Any CPU
		{30A3C654-96D1-4DDF-AD77-4119844F203A}.AppStore|x64.Deploy.0 = Release|Any CPU
		{30A3C654-96D1-4DDF-AD77-4119844F203A}.AppStore|x86.ActiveCfg = Release|Any CPU
		{30A3C654-96D1-4DDF-AD77-4119844F203A}.AppStore|x86.Build.0 = Release|Any CPU
		{30A3C654-96D1-4DDF-AD77-4119844F203A}.AppStore|x86.Deploy.0 = Release|Any CPU
		{30A3C654-96D1-4DDF-AD77-4119844F203A}.Debug|Any CPU.ActiveCfg = Debug|Any CPU
		{30A3C654-96D1-4DDF-AD77-4119844F203A}.Debug|Any CPU.Build.0 = Debug|Any CPU
		{30A3C654-96D1-4DDF-AD77-4119844F203A}.Debug|ARM.ActiveCfg = Debug|Any CPU
		{30A3C654-96D1-4DDF-AD77-4119844F203A}.Debug|ARM.Build.0 = Debug|Any CPU
		{30A3C654-96D1-4DDF-AD77-4119844F203A}.Debug|ARM.Deploy.0 = Debug|Any CPU
		{30A3C654-96D1-4DDF-AD77-4119844F203A}.Debug|iPhone.ActiveCfg = Debug|Any CPU
		{30A3C654-96D1-4DDF-AD77-4119844F203A}.Debug|iPhone.Build.0 = Debug|Any CPU
		{30A3C654-96D1-4DDF-AD77-4119844F203A}.Debug|iPhone.Deploy.0 = Debug|Any CPU
		{30A3C654-96D1-4DDF-AD77-4119844F203A}.Debug|iPhoneSimulator.ActiveCfg = Debug|Any CPU
		{30A3C654-96D1-4DDF-AD77-4119844F203A}.Debug|x64.ActiveCfg = Debug|Any CPU
		{30A3C654-96D1-4DDF-AD77-4119844F203A}.Debug|x64.Build.0 = Debug|Any CPU
		{30A3C654-96D1-4DDF-AD77-4119844F203A}.Debug|x64.Deploy.0 = Debug|Any CPU
		{30A3C654-96D1-4DDF-AD77-4119844F203A}.Debug|x86.ActiveCfg = Debug|Any CPU
		{30A3C654-96D1-4DDF-AD77-4119844F203A}.Debug|x86.Build.0 = Debug|Any CPU
		{30A3C654-96D1-4DDF-AD77-4119844F203A}.Debug|x86.Deploy.0 = Debug|Any CPU
		{30A3C654-96D1-4DDF-AD77-4119844F203A}.Release|Any CPU.ActiveCfg = Release|Any CPU
		{30A3C654-96D1-4DDF-AD77-4119844F203A}.Release|Any CPU.Build.0 = Release|Any CPU
		{30A3C654-96D1-4DDF-AD77-4119844F203A}.Release|Any CPU.Deploy.0 = Release|Any CPU
		{30A3C654-96D1-4DDF-AD77-4119844F203A}.Release|ARM.ActiveCfg = Release|Any CPU
		{30A3C654-96D1-4DDF-AD77-4119844F203A}.Release|ARM.Build.0 = Release|Any CPU
		{30A3C654-96D1-4DDF-AD77-4119844F203A}.Release|ARM.Deploy.0 = Release|Any CPU
		{30A3C654-96D1-4DDF-AD77-4119844F203A}.Release|iPhone.ActiveCfg = Release|Any CPU
		{30A3C654-96D1-4DDF-AD77-4119844F203A}.Release|iPhone.Build.0 = Release|Any CPU
		{30A3C654-96D1-4DDF-AD77-4119844F203A}.Release|iPhone.Deploy.0 = Release|Any CPU
		{30A3C654-96D1-4DDF-AD77-4119844F203A}.Release|iPhoneSimulator.ActiveCfg = Release|Any CPU
		{30A3C654-96D1-4DDF-AD77-4119844F203A}.Release|iPhoneSimulator.Build.0 = Release|Any CPU
		{30A3C654-96D1-4DDF-AD77-4119844F203A}.Release|iPhoneSimulator.Deploy.0 = Release|Any CPU
		{30A3C654-96D1-4DDF-AD77-4119844F203A}.Release|x64.ActiveCfg = Release|Any CPU
		{30A3C654-96D1-4DDF-AD77-4119844F203A}.Release|x64.Build.0 = Release|Any CPU
		{30A3C654-96D1-4DDF-AD77-4119844F203A}.Release|x64.Deploy.0 = Release|Any CPU
		{30A3C654-96D1-4DDF-AD77-4119844F203A}.Release|x86.ActiveCfg = Release|Any CPU
		{30A3C654-96D1-4DDF-AD77-4119844F203A}.Release|x86.Build.0 = Release|Any CPU
		{30A3C654-96D1-4DDF-AD77-4119844F203A}.Release|x86.Deploy.0 = Release|Any CPU
		{0055A54C-F989-4434-AE97-2C4B2D88C59F}.Ad-Hoc|Any CPU.ActiveCfg = Release|Any CPU
		{0055A54C-F989-4434-AE97-2C4B2D88C59F}.Ad-Hoc|Any CPU.Build.0 = Release|Any CPU
		{0055A54C-F989-4434-AE97-2C4B2D88C59F}.Ad-Hoc|ARM.ActiveCfg = Release|Any CPU
		{0055A54C-F989-4434-AE97-2C4B2D88C59F}.Ad-Hoc|ARM.Build.0 = Release|Any CPU
		{0055A54C-F989-4434-AE97-2C4B2D88C59F}.Ad-Hoc|iPhone.ActiveCfg = Release|Any CPU
		{0055A54C-F989-4434-AE97-2C4B2D88C59F}.Ad-Hoc|iPhone.Build.0 = Release|Any CPU
		{0055A54C-F989-4434-AE97-2C4B2D88C59F}.Ad-Hoc|iPhoneSimulator.ActiveCfg = Release|Any CPU
		{0055A54C-F989-4434-AE97-2C4B2D88C59F}.Ad-Hoc|iPhoneSimulator.Build.0 = Release|Any CPU
		{0055A54C-F989-4434-AE97-2C4B2D88C59F}.Ad-Hoc|x64.ActiveCfg = Release|Any CPU
		{0055A54C-F989-4434-AE97-2C4B2D88C59F}.Ad-Hoc|x64.Build.0 = Release|Any CPU
		{0055A54C-F989-4434-AE97-2C4B2D88C59F}.Ad-Hoc|x86.ActiveCfg = Release|Any CPU
		{0055A54C-F989-4434-AE97-2C4B2D88C59F}.Ad-Hoc|x86.Build.0 = Release|Any CPU
		{0055A54C-F989-4434-AE97-2C4B2D88C59F}.AppStore|Any CPU.ActiveCfg = Release|Any CPU
		{0055A54C-F989-4434-AE97-2C4B2D88C59F}.AppStore|Any CPU.Build.0 = Release|Any CPU
		{0055A54C-F989-4434-AE97-2C4B2D88C59F}.AppStore|ARM.ActiveCfg = Release|Any CPU
		{0055A54C-F989-4434-AE97-2C4B2D88C59F}.AppStore|ARM.Build.0 = Release|Any CPU
		{0055A54C-F989-4434-AE97-2C4B2D88C59F}.AppStore|iPhone.ActiveCfg = Release|Any CPU
		{0055A54C-F989-4434-AE97-2C4B2D88C59F}.AppStore|iPhone.Build.0 = Release|Any CPU
		{0055A54C-F989-4434-AE97-2C4B2D88C59F}.AppStore|iPhoneSimulator.ActiveCfg = Release|Any CPU
		{0055A54C-F989-4434-AE97-2C4B2D88C59F}.AppStore|iPhoneSimulator.Build.0 = Release|Any CPU
		{0055A54C-F989-4434-AE97-2C4B2D88C59F}.AppStore|x64.ActiveCfg = Release|Any CPU
		{0055A54C-F989-4434-AE97-2C4B2D88C59F}.AppStore|x64.Build.0 = Release|Any CPU
		{0055A54C-F989-4434-AE97-2C4B2D88C59F}.AppStore|x86.ActiveCfg = Release|Any CPU
		{0055A54C-F989-4434-AE97-2C4B2D88C59F}.AppStore|x86.Build.0 = Release|Any CPU
		{0055A54C-F989-4434-AE97-2C4B2D88C59F}.Debug|Any CPU.ActiveCfg = Debug|Any CPU
		{0055A54C-F989-4434-AE97-2C4B2D88C59F}.Debug|Any CPU.Build.0 = Debug|Any CPU
		{0055A54C-F989-4434-AE97-2C4B2D88C59F}.Debug|ARM.ActiveCfg = Debug|Any CPU
		{0055A54C-F989-4434-AE97-2C4B2D88C59F}.Debug|ARM.Build.0 = Debug|Any CPU
		{0055A54C-F989-4434-AE97-2C4B2D88C59F}.Debug|iPhone.ActiveCfg = Debug|Any CPU
		{0055A54C-F989-4434-AE97-2C4B2D88C59F}.Debug|iPhone.Build.0 = Debug|Any CPU
		{0055A54C-F989-4434-AE97-2C4B2D88C59F}.Debug|iPhoneSimulator.ActiveCfg = Debug|Any CPU
		{0055A54C-F989-4434-AE97-2C4B2D88C59F}.Debug|iPhoneSimulator.Build.0 = Debug|Any CPU
		{0055A54C-F989-4434-AE97-2C4B2D88C59F}.Debug|x64.ActiveCfg = Debug|Any CPU
		{0055A54C-F989-4434-AE97-2C4B2D88C59F}.Debug|x64.Build.0 = Debug|Any CPU
		{0055A54C-F989-4434-AE97-2C4B2D88C59F}.Debug|x86.ActiveCfg = Debug|Any CPU
		{0055A54C-F989-4434-AE97-2C4B2D88C59F}.Debug|x86.Build.0 = Debug|Any CPU
		{0055A54C-F989-4434-AE97-2C4B2D88C59F}.Release|Any CPU.ActiveCfg = Release|Any CPU
		{0055A54C-F989-4434-AE97-2C4B2D88C59F}.Release|Any CPU.Build.0 = Release|Any CPU
		{0055A54C-F989-4434-AE97-2C4B2D88C59F}.Release|ARM.ActiveCfg = Release|Any CPU
		{0055A54C-F989-4434-AE97-2C4B2D88C59F}.Release|ARM.Build.0 = Release|Any CPU
		{0055A54C-F989-4434-AE97-2C4B2D88C59F}.Release|iPhone.ActiveCfg = Release|Any CPU
		{0055A54C-F989-4434-AE97-2C4B2D88C59F}.Release|iPhone.Build.0 = Release|Any CPU
		{0055A54C-F989-4434-AE97-2C4B2D88C59F}.Release|iPhoneSimulator.ActiveCfg = Release|Any CPU
		{0055A54C-F989-4434-AE97-2C4B2D88C59F}.Release|iPhoneSimulator.Build.0 = Release|Any CPU
		{0055A54C-F989-4434-AE97-2C4B2D88C59F}.Release|x64.ActiveCfg = Release|Any CPU
		{0055A54C-F989-4434-AE97-2C4B2D88C59F}.Release|x64.Build.0 = Release|Any CPU
		{0055A54C-F989-4434-AE97-2C4B2D88C59F}.Release|x86.ActiveCfg = Release|Any CPU
		{0055A54C-F989-4434-AE97-2C4B2D88C59F}.Release|x86.Build.0 = Release|Any CPU
		{835333F1-059A-4A31-B067-2F1A871A67AE}.Ad-Hoc|Any CPU.ActiveCfg = Release|x86
		{835333F1-059A-4A31-B067-2F1A871A67AE}.Ad-Hoc|Any CPU.Build.0 = Release|x86
		{835333F1-059A-4A31-B067-2F1A871A67AE}.Ad-Hoc|Any CPU.Deploy.0 = Release|x86
		{835333F1-059A-4A31-B067-2F1A871A67AE}.Ad-Hoc|ARM.ActiveCfg = Release|ARM
		{835333F1-059A-4A31-B067-2F1A871A67AE}.Ad-Hoc|ARM.Build.0 = Release|ARM
		{835333F1-059A-4A31-B067-2F1A871A67AE}.Ad-Hoc|ARM.Deploy.0 = Release|ARM
		{835333F1-059A-4A31-B067-2F1A871A67AE}.Ad-Hoc|iPhone.ActiveCfg = Release|x86
		{835333F1-059A-4A31-B067-2F1A871A67AE}.Ad-Hoc|iPhone.Build.0 = Release|x86
		{835333F1-059A-4A31-B067-2F1A871A67AE}.Ad-Hoc|iPhone.Deploy.0 = Release|x86
		{835333F1-059A-4A31-B067-2F1A871A67AE}.Ad-Hoc|iPhoneSimulator.ActiveCfg = Release|x86
		{835333F1-059A-4A31-B067-2F1A871A67AE}.Ad-Hoc|iPhoneSimulator.Build.0 = Release|x86
		{835333F1-059A-4A31-B067-2F1A871A67AE}.Ad-Hoc|iPhoneSimulator.Deploy.0 = Release|x86
		{835333F1-059A-4A31-B067-2F1A871A67AE}.Ad-Hoc|x64.ActiveCfg = Release|x64
		{835333F1-059A-4A31-B067-2F1A871A67AE}.Ad-Hoc|x64.Build.0 = Release|x64
		{835333F1-059A-4A31-B067-2F1A871A67AE}.Ad-Hoc|x64.Deploy.0 = Release|x64
		{835333F1-059A-4A31-B067-2F1A871A67AE}.Ad-Hoc|x86.ActiveCfg = Release|x86
		{835333F1-059A-4A31-B067-2F1A871A67AE}.Ad-Hoc|x86.Build.0 = Release|x86
		{835333F1-059A-4A31-B067-2F1A871A67AE}.Ad-Hoc|x86.Deploy.0 = Release|x86
		{835333F1-059A-4A31-B067-2F1A871A67AE}.AppStore|Any CPU.ActiveCfg = Release|x86
		{835333F1-059A-4A31-B067-2F1A871A67AE}.AppStore|Any CPU.Build.0 = Release|x86
		{835333F1-059A-4A31-B067-2F1A871A67AE}.AppStore|Any CPU.Deploy.0 = Release|x86
		{835333F1-059A-4A31-B067-2F1A871A67AE}.AppStore|ARM.ActiveCfg = Release|ARM
		{835333F1-059A-4A31-B067-2F1A871A67AE}.AppStore|ARM.Build.0 = Release|ARM
		{835333F1-059A-4A31-B067-2F1A871A67AE}.AppStore|ARM.Deploy.0 = Release|ARM
		{835333F1-059A-4A31-B067-2F1A871A67AE}.AppStore|iPhone.ActiveCfg = Release|x86
		{835333F1-059A-4A31-B067-2F1A871A67AE}.AppStore|iPhone.Build.0 = Release|x86
		{835333F1-059A-4A31-B067-2F1A871A67AE}.AppStore|iPhone.Deploy.0 = Release|x86
		{835333F1-059A-4A31-B067-2F1A871A67AE}.AppStore|iPhoneSimulator.ActiveCfg = Release|x86
		{835333F1-059A-4A31-B067-2F1A871A67AE}.AppStore|iPhoneSimulator.Build.0 = Release|x86
		{835333F1-059A-4A31-B067-2F1A871A67AE}.AppStore|iPhoneSimulator.Deploy.0 = Release|x86
		{835333F1-059A-4A31-B067-2F1A871A67AE}.AppStore|x64.ActiveCfg = Release|x64
		{835333F1-059A-4A31-B067-2F1A871A67AE}.AppStore|x64.Build.0 = Release|x64
		{835333F1-059A-4A31-B067-2F1A871A67AE}.AppStore|x64.Deploy.0 = Release|x64
		{835333F1-059A-4A31-B067-2F1A871A67AE}.AppStore|x86.ActiveCfg = Release|x86
		{835333F1-059A-4A31-B067-2F1A871A67AE}.AppStore|x86.Build.0 = Release|x86
		{835333F1-059A-4A31-B067-2F1A871A67AE}.AppStore|x86.Deploy.0 = Release|x86
		{835333F1-059A-4A31-B067-2F1A871A67AE}.Debug|Any CPU.ActiveCfg = Debug|x86
		{835333F1-059A-4A31-B067-2F1A871A67AE}.Debug|Any CPU.Build.0 = Debug|x86
		{835333F1-059A-4A31-B067-2F1A871A67AE}.Debug|Any CPU.Deploy.0 = Debug|x86
		{835333F1-059A-4A31-B067-2F1A871A67AE}.Debug|ARM.ActiveCfg = Debug|ARM
		{835333F1-059A-4A31-B067-2F1A871A67AE}.Debug|ARM.Build.0 = Debug|ARM
		{835333F1-059A-4A31-B067-2F1A871A67AE}.Debug|ARM.Deploy.0 = Debug|ARM
		{835333F1-059A-4A31-B067-2F1A871A67AE}.Debug|iPhone.ActiveCfg = Debug|x86
		{835333F1-059A-4A31-B067-2F1A871A67AE}.Debug|iPhoneSimulator.ActiveCfg = Debug|x86
		{835333F1-059A-4A31-B067-2F1A871A67AE}.Debug|x64.ActiveCfg = Debug|x64
		{835333F1-059A-4A31-B067-2F1A871A67AE}.Debug|x64.Build.0 = Debug|x64
		{835333F1-059A-4A31-B067-2F1A871A67AE}.Debug|x64.Deploy.0 = Debug|x64
		{835333F1-059A-4A31-B067-2F1A871A67AE}.Debug|x86.ActiveCfg = Debug|x86
		{835333F1-059A-4A31-B067-2F1A871A67AE}.Debug|x86.Build.0 = Debug|x86
		{835333F1-059A-4A31-B067-2F1A871A67AE}.Debug|x86.Deploy.0 = Debug|x86
		{835333F1-059A-4A31-B067-2F1A871A67AE}.Release|Any CPU.ActiveCfg = Release|x86
		{835333F1-059A-4A31-B067-2F1A871A67AE}.Release|ARM.ActiveCfg = Release|ARM
		{835333F1-059A-4A31-B067-2F1A871A67AE}.Release|ARM.Build.0 = Release|ARM
		{835333F1-059A-4A31-B067-2F1A871A67AE}.Release|ARM.Deploy.0 = Release|ARM
		{835333F1-059A-4A31-B067-2F1A871A67AE}.Release|iPhone.ActiveCfg = Release|x86
		{835333F1-059A-4A31-B067-2F1A871A67AE}.Release|iPhoneSimulator.ActiveCfg = Release|x86
		{835333F1-059A-4A31-B067-2F1A871A67AE}.Release|x64.ActiveCfg = Release|x64
		{835333F1-059A-4A31-B067-2F1A871A67AE}.Release|x64.Build.0 = Release|x64
		{835333F1-059A-4A31-B067-2F1A871A67AE}.Release|x64.Deploy.0 = Release|x64
		{835333F1-059A-4A31-B067-2F1A871A67AE}.Release|x86.ActiveCfg = Release|x86
		{835333F1-059A-4A31-B067-2F1A871A67AE}.Release|x86.Build.0 = Release|x86
		{835333F1-059A-4A31-B067-2F1A871A67AE}.Release|x86.Deploy.0 = Release|x86
		{F444FF73-259E-4037-8C09-E78E3DF9003C}.Ad-Hoc|Any CPU.ActiveCfg = Ad-Hoc|iPhone
		{F444FF73-259E-4037-8C09-E78E3DF9003C}.Ad-Hoc|ARM.ActiveCfg = Ad-Hoc|iPhone
		{F444FF73-259E-4037-8C09-E78E3DF9003C}.Ad-Hoc|iPhone.ActiveCfg = Ad-Hoc|iPhone
		{F444FF73-259E-4037-8C09-E78E3DF9003C}.Ad-Hoc|iPhone.Build.0 = Ad-Hoc|iPhone
		{F444FF73-259E-4037-8C09-E78E3DF9003C}.Ad-Hoc|iPhoneSimulator.ActiveCfg = Ad-Hoc|iPhoneSimulator
		{F444FF73-259E-4037-8C09-E78E3DF9003C}.Ad-Hoc|iPhoneSimulator.Build.0 = Ad-Hoc|iPhoneSimulator
		{F444FF73-259E-4037-8C09-E78E3DF9003C}.Ad-Hoc|x64.ActiveCfg = Ad-Hoc|iPhone
		{F444FF73-259E-4037-8C09-E78E3DF9003C}.Ad-Hoc|x86.ActiveCfg = Ad-Hoc|iPhone
		{F444FF73-259E-4037-8C09-E78E3DF9003C}.AppStore|Any CPU.ActiveCfg = AppStore|iPhone
		{F444FF73-259E-4037-8C09-E78E3DF9003C}.AppStore|ARM.ActiveCfg = AppStore|iPhone
		{F444FF73-259E-4037-8C09-E78E3DF9003C}.AppStore|iPhone.ActiveCfg = AppStore|iPhone
		{F444FF73-259E-4037-8C09-E78E3DF9003C}.AppStore|iPhone.Build.0 = AppStore|iPhone
		{F444FF73-259E-4037-8C09-E78E3DF9003C}.AppStore|iPhoneSimulator.ActiveCfg = AppStore|iPhoneSimulator
		{F444FF73-259E-4037-8C09-E78E3DF9003C}.AppStore|iPhoneSimulator.Build.0 = AppStore|iPhoneSimulator
		{F444FF73-259E-4037-8C09-E78E3DF9003C}.AppStore|x64.ActiveCfg = AppStore|iPhone
		{F444FF73-259E-4037-8C09-E78E3DF9003C}.AppStore|x86.ActiveCfg = AppStore|iPhone
		{F444FF73-259E-4037-8C09-E78E3DF9003C}.Debug|Any CPU.ActiveCfg = Debug|iPhone
		{F444FF73-259E-4037-8C09-E78E3DF9003C}.Debug|ARM.ActiveCfg = Debug|iPhone
		{F444FF73-259E-4037-8C09-E78E3DF9003C}.Debug|iPhone.ActiveCfg = Debug|iPhone
		{F444FF73-259E-4037-8C09-E78E3DF9003C}.Debug|iPhone.Build.0 = Debug|iPhone
		{F444FF73-259E-4037-8C09-E78E3DF9003C}.Debug|iPhoneSimulator.ActiveCfg = Debug|iPhoneSimulator
		{F444FF73-259E-4037-8C09-E78E3DF9003C}.Debug|iPhoneSimulator.Build.0 = Debug|iPhoneSimulator
		{F444FF73-259E-4037-8C09-E78E3DF9003C}.Debug|x64.ActiveCfg = Debug|iPhone
		{F444FF73-259E-4037-8C09-E78E3DF9003C}.Debug|x86.ActiveCfg = Debug|iPhone
		{F444FF73-259E-4037-8C09-E78E3DF9003C}.Release|Any CPU.ActiveCfg = Release|iPhone
		{F444FF73-259E-4037-8C09-E78E3DF9003C}.Release|ARM.ActiveCfg = Release|iPhone
		{F444FF73-259E-4037-8C09-E78E3DF9003C}.Release|iPhone.ActiveCfg = Release|iPhone
		{F444FF73-259E-4037-8C09-E78E3DF9003C}.Release|iPhone.Build.0 = Release|iPhone
		{F444FF73-259E-4037-8C09-E78E3DF9003C}.Release|iPhoneSimulator.ActiveCfg = Release|iPhoneSimulator
		{F444FF73-259E-4037-8C09-E78E3DF9003C}.Release|iPhoneSimulator.Build.0 = Release|iPhoneSimulator
		{F444FF73-259E-4037-8C09-E78E3DF9003C}.Release|x64.ActiveCfg = Release|iPhone
		{F444FF73-259E-4037-8C09-E78E3DF9003C}.Release|x86.ActiveCfg = Release|iPhone
	EndGlobalSection
	GlobalSection(SolutionProperties) = preSolution
		HideSolutionNode = FALSE
	EndGlobalSection
EndGlobal
