
Microsoft Visual Studio Solution File, Format Version 12.00
# Visual Studio Version 16
VisualStudioVersion = 16.0.29509.3
MinimumVisualStudioVersion = 10.0.40219.1
Project("{FAE04EC0-301F-11D3-BF4B-00C04F79EFBC}") = "NotHotdog.Android", "NotHotdog\NotHotdog.Android\NotHotdog.Android.csproj", "{30A3C654-96D1-4DDF-AD77-4119844F203A}"
EndProject
Project("{FAE04EC0-301F-11D3-BF4B-00C04F79EFBC}") = "NotHotdog.iOS", "NotHotdog\NotHotdog.iOS\NotHotdog.iOS.csproj", "{F444FF73-259E-4037-8C09-E78E3DF9003C}"
EndProject
Project("{9A19103F-16F7-4668-BE54-9A1E7A4F7556}") = "NotHotdog.Shared", "NotHotdog\NotHotdog.Shared\NotHotdog.Shared.csproj", "{02F66085-8AF3-4BED-AF85-649EA809B73D}"
EndProject
Global
	GlobalSection(SolutionConfigurationPlatforms) = preSolution
		Ad-Hoc|Any CPU = Ad-Hoc|Any CPU
		Ad-Hoc|ARM = Ad-Hoc|ARM
		Ad-Hoc|iPhone = Ad-Hoc|iPhone
		Ad-Hoc|iPhoneSimulator = Ad-Hoc|iPhoneSimulator
		Ad-Hoc|x64 = Ad-Hoc|x64
		Ad-Hoc|x86 = Ad-Hoc|x86
		AppStore|Any CPU = AppStore|Any CPU
		AppStore|ARM = AppStore|ARM
		AppStore|iPhone = AppStore|iPhone
		AppStore|iPhoneSimulator = AppStore|iPhoneSimulator
		AppStore|x64 = AppStore|x64
		AppStore|x86 = AppStore|x86
		Debug|Any CPU = Debug|Any CPU
		Debug|ARM = Debug|ARM
		Debug|iPhone = Debug|iPhone
		Debug|iPhoneSimulator = Debug|iPhoneSimulator
		Debug|x64 = Debug|x64
		Debug|x86 = Debug|x86
		Release|Any CPU = Release|Any CPU
		Release|ARM = Release|ARM
		Release|iPhone = Release|iPhone
		Release|iPhoneSimulator = Release|iPhoneSimulator
		Release|x64 = Release|x64
		Release|x86 = Release|x86
	EndGlobalSection
	GlobalSection(ProjectConfigurationPlatforms) = postSolution
		{30A3C654-96D1-4DDF-AD77-4119844F203A}.Ad-Hoc|Any CPU.ActiveCfg = Release|Any CPU
		{30A3C654-96D1-4DDF-AD77-4119844F203A}.Ad-Hoc|Any CPU.Build.0 = Release|Any CPU
		{30A3C654-96D1-4DDF-AD77-4119844F203A}.Ad-Hoc|Any CPU.Deploy.0 = Release|Any CPU
		{30A3C654-96D1-4DDF-AD77-4119844F203A}.Ad-Hoc|ARM.ActiveCfg = Release|Any CPU
		{30A3C654-96D1-4DDF-AD77-4119844F203A}.Ad-Hoc|ARM.Build.0 = Release|Any CPU
		{30A3C654-96D1-4DDF-AD77-4119844F203A}.Ad-Hoc|ARM.Deploy.0 = Release|Any CPU
		{30A3C654-96D1-4DDF-AD77-4119844F203A}.Ad-Hoc|iPhone.ActiveCfg = Release|Any CPU
		{30A3C654-96D1-4DDF-AD77-4119844F203A}.Ad-Hoc|iPhone.Build.0 = Release|Any CPU
		{30A3C654-96D1-4DDF-AD77-4119844F203A}.Ad-Hoc|iPhone.Deploy.0 = Release|Any CPU
		{30A3C654-96D1-4DDF-AD77-4119844F203A}.Ad-Hoc|iPhoneSimulator.ActiveCfg = Release|Any CPU
		{30A3C654-96D1-4DDF-AD77-4119844F203A}.Ad-Hoc|iPhoneSimulator.Build.0 = Release|Any CPU
		{30A3C654-96D1-4DDF-AD77-4119844F203A}.Ad-Hoc|iPhoneSimulator.Deploy.0 = Release|Any CPU
		{30A3C654-96D1-4DDF-AD77-4119844F203A}.Ad-Hoc|x64.ActiveCfg = Release|Any CPU
		{30A3C654-96D1-4DDF-AD77-4119844F203A}.Ad-Hoc|x64.Build.0 = Release|Any CPU
		{30A3C654-96D1-4DDF-AD77-4119844F203A}.Ad-Hoc|x64.Deploy.0 = Release|Any CPU
		{30A3C654-96D1-4DDF-AD77-4119844F203A}.Ad-Hoc|x86.ActiveCfg = Release|Any CPU
		{30A3C654-96D1-4DDF-AD77-4119844F203A}.Ad-Hoc|x86.Build.0 = Release|Any CPU
		{30A3C654-96D1-4DDF-AD77-4119844F203A}.Ad-Hoc|x86.Deploy.0 = Release|Any CPU
		{30A3C654-96D1-4DDF-AD77-4119844F203A}.AppStore|Any CPU.ActiveCfg = Release|Any CPU
		{30A3C654-96D1-4DDF-AD77-4119844F203A}.AppStore|Any CPU.Build.0 = Release|Any CPU
		{30A3C654-96D1-4DDF-AD77-4119844F203A}.AppStore|Any CPU.Deploy.0 = Release|Any CPU
		{30A3C654-96D1-4DDF-AD77-4119844F203A}.AppStore|ARM.ActiveCfg = Release|Any CPU
		{30A3C654-96D1-4DDF-AD77-4119844F203A}.AppStore|ARM.Build.0 = Release|Any CPU
		{30A3C654-96D1-4DDF-AD77-4119844F203A}.AppStore|ARM.Deploy.0 = Release|Any CPU
		{30A3C654-96D1-4DDF-AD77-4119844F203A}.AppStore|iPhone.ActiveCfg = Release|Any CPU
		{30A3C654-96D1-4DDF-AD77-4119844F203A}.AppStore|iPhone.Build.0 = Release|Any CPU
		{30A3C654-96D1-4DDF-AD77-4119844F203A}.AppStore|iPhone.Deploy.0 = Release|Any CPU
		{30A3C654-96D1-4DDF-AD77-4119844F203A}.AppStore|iPhoneSimulator.ActiveCfg = Release|Any CPU
		{30A3C654-96D1-4DDF-AD77-4119844F203A}.AppStore|iPhoneSimulator.Build.0 = Release|Any CPU
		{30A3C654-96D1-4DDF-AD77-4119844F203A}.AppStore|iPhoneSimulator.Deploy.0 = Release|Any CPU
		{30A3C654-96D1-4DDF-AD77-4119844F203A}.AppStore|x64.ActiveCfg = Release|Any CPU
		{30A3C654-96D1-4DDF-AD77-4119844F203A}.AppStore|x64.Build.0 = Release|Any CPU
		{30A3C654-96D1-4DDF-AD77-4119844F203A}.AppStore|x64.Deploy.0 = Release|Any CPU
		{30A3C654-96D1-4DDF-AD77-4119844F203A}.AppStore|x86.ActiveCfg = Release|Any CPU
		{30A3C654-96D1-4DDF-AD77-4119844F203A}.AppStore|x86.Build.0 = Release|Any CPU
		{30A3C654-96D1-4DDF-AD77-4119844F203A}.AppStore|x86.Deploy.0 = Release|Any CPU
		{30A3C654-96D1-4DDF-AD77-4119844F203A}.Debug|Any CPU.ActiveCfg = Debug|Any CPU
		{30A3C654-96D1-4DDF-AD77-4119844F203A}.Debug|Any CPU.Build.0 = Debug|Any CPU
		{30A3C654-96D1-4DDF-AD77-4119844F203A}.Debug|Any CPU.Deploy.0 = Debug|Any CPU
		{30A3C654-96D1-4DDF-AD77-4119844F203A}.Debug|ARM.ActiveCfg = Debug|Any CPU
		{30A3C654-96D1-4DDF-AD77-4119844F203A}.Debug|ARM.Build.0 = Debug|Any CPU
		{30A3C654-96D1-4DDF-AD77-4119844F203A}.Debug|ARM.Deploy.0 = Debug|Any CPU
		{30A3C654-96D1-4DDF-AD77-4119844F203A}.Debug|iPhone.ActiveCfg = Debug|Any CPU
		{30A3C654-96D1-4DDF-AD77-4119844F203A}.Debug|iPhone.Build.0 = Debug|Any CPU
		{30A3C654-96D1-4DDF-AD77-4119844F203A}.Debug|iPhone.Deploy.0 = Debug|Any CPU
		{30A3C654-96D1-4DDF-AD77-4119844F203A}.Debug|iPhoneSimulator.ActiveCfg = Debug|Any CPU
		{30A3C654-96D1-4DDF-AD77-4119844F203A}.Debug|x64.ActiveCfg = Debug|Any CPU
		{30A3C654-96D1-4DDF-AD77-4119844F203A}.Debug|x64.Build.0 = Debug|Any CPU
		{30A3C654-96D1-4DDF-AD77-4119844F203A}.Debug|x64.Deploy.0 = Debug|Any CPU
		{30A3C654-96D1-4DDF-AD77-4119844F203A}.Debug|x86.ActiveCfg = Debug|Any CPU
		{30A3C654-96D1-4DDF-AD77-4119844F203A}.Debug|x86.Build.0 = Debug|Any CPU
		{30A3C654-96D1-4DDF-AD77-4119844F203A}.Debug|x86.Deploy.0 = Debug|Any CPU
		{30A3C654-96D1-4DDF-AD77-4119844F203A}.Release|Any CPU.ActiveCfg = Release|Any CPU
		{30A3C654-96D1-4DDF-AD77-4119844F203A}.Release|Any CPU.Build.0 = Release|Any CPU
		{30A3C654-96D1-4DDF-AD77-4119844F203A}.Release|Any CPU.Deploy.0 = Release|Any CPU
		{30A3C654-96D1-4DDF-AD77-4119844F203A}.Release|ARM.ActiveCfg = Release|Any CPU
		{30A3C654-96D1-4DDF-AD77-4119844F203A}.Release|ARM.Build.0 = Release|Any CPU
		{30A3C654-96D1-4DDF-AD77-4119844F203A}.Release|ARM.Deploy.0 = Release|Any CPU
		{30A3C654-96D1-4DDF-AD77-4119844F203A}.Release|iPhone.ActiveCfg = Release|Any CPU
		{30A3C654-96D1-4DDF-AD77-4119844F203A}.Release|iPhone.Build.0 = Release|Any CPU
		{30A3C654-96D1-4DDF-AD77-4119844F203A}.Release|iPhone.Deploy.0 = Release|Any CPU
		{30A3C654-96D1-4DDF-AD77-4119844F203A}.Release|iPhoneSimulator.ActiveCfg = Release|Any CPU
		{30A3C654-96D1-4DDF-AD77-4119844F203A}.Release|iPhoneSimulator.Build.0 = Release|Any CPU
		{30A3C654-96D1-4DDF-AD77-4119844F203A}.Release|iPhoneSimulator.Deploy.0 = Release|Any CPU
		{30A3C654-96D1-4DDF-AD77-4119844F203A}.Release|x64.ActiveCfg = Release|Any CPU
		{30A3C654-96D1-4DDF-AD77-4119844F203A}.Release|x64.Build.0 = Release|Any CPU
		{30A3C654-96D1-4DDF-AD77-4119844F203A}.Release|x64.Deploy.0 = Release|Any CPU
		{30A3C654-96D1-4DDF-AD77-4119844F203A}.Release|x86.ActiveCfg = Release|Any CPU
		{30A3C654-96D1-4DDF-AD77-4119844F203A}.Release|x86.Build.0 = Release|Any CPU
		{30A3C654-96D1-4DDF-AD77-4119844F203A}.Release|x86.Deploy.0 = Release|Any CPU
		{F444FF73-259E-4037-8C09-E78E3DF9003C}.Ad-Hoc|Any CPU.ActiveCfg = Ad-Hoc|iPhone
		{F444FF73-259E-4037-8C09-E78E3DF9003C}.Ad-Hoc|ARM.ActiveCfg = Ad-Hoc|iPhone
		{F444FF73-259E-4037-8C09-E78E3DF9003C}.Ad-Hoc|iPhone.ActiveCfg = Ad-Hoc|iPhone
		{F444FF73-259E-4037-8C09-E78E3DF9003C}.Ad-Hoc|iPhone.Build.0 = Ad-Hoc|iPhone
		{F444FF73-259E-4037-8C09-E78E3DF9003C}.Ad-Hoc|iPhoneSimulator.ActiveCfg = Ad-Hoc|iPhoneSimulator
		{F444FF73-259E-4037-8C09-E78E3DF9003C}.Ad-Hoc|iPhoneSimulator.Build.0 = Ad-Hoc|iPhoneSimulator
		{F444FF73-259E-4037-8C09-E78E3DF9003C}.Ad-Hoc|x64.ActiveCfg = Ad-Hoc|iPhone
		{F444FF73-259E-4037-8C09-E78E3DF9003C}.Ad-Hoc|x86.ActiveCfg = Ad-Hoc|iPhone
		{F444FF73-259E-4037-8C09-E78E3DF9003C}.AppStore|Any CPU.ActiveCfg = AppStore|iPhone
		{F444FF73-259E-4037-8C09-E78E3DF9003C}.AppStore|ARM.ActiveCfg = AppStore|iPhone
		{F444FF73-259E-4037-8C09-E78E3DF9003C}.AppStore|iPhone.ActiveCfg = AppStore|iPhone
		{F444FF73-259E-4037-8C09-E78E3DF9003C}.AppStore|iPhone.Build.0 = AppStore|iPhone
		{F444FF73-259E-4037-8C09-E78E3DF9003C}.AppStore|iPhoneSimulator.ActiveCfg = AppStore|iPhoneSimulator
		{F444FF73-259E-4037-8C09-E78E3DF9003C}.AppStore|iPhoneSimulator.Build.0 = AppStore|iPhoneSimulator
		{F444FF73-259E-4037-8C09-E78E3DF9003C}.AppStore|x64.ActiveCfg = AppStore|iPhone
		{F444FF73-259E-4037-8C09-E78E3DF9003C}.AppStore|x86.ActiveCfg = AppStore|iPhone
		{F444FF73-259E-4037-8C09-E78E3DF9003C}.Debug|Any CPU.ActiveCfg = Debug|iPhone
		{F444FF73-259E-4037-8C09-E78E3DF9003C}.Debug|ARM.ActiveCfg = Debug|iPhone
		{F444FF73-259E-4037-8C09-E78E3DF9003C}.Debug|iPhone.ActiveCfg = Debug|iPhone
		{F444FF73-259E-4037-8C09-E78E3DF9003C}.Debug|iPhone.Build.0 = Debug|iPhone
		{F444FF73-259E-4037-8C09-E78E3DF9003C}.Debug|iPhoneSimulator.ActiveCfg = Debug|iPhoneSimulator
		{F444FF73-259E-4037-8C09-E78E3DF9003C}.Debug|iPhoneSimulator.Build.0 = Debug|iPhoneSimulator
		{F444FF73-259E-4037-8C09-E78E3DF9003C}.Debug|x64.ActiveCfg = Debug|iPhone
		{F444FF73-259E-4037-8C09-E78E3DF9003C}.Debug|x86.ActiveCfg = Debug|iPhone
		{F444FF73-259E-4037-8C09-E78E3DF9003C}.Release|Any CPU.ActiveCfg = Release|iPhone
		{F444FF73-259E-4037-8C09-E78E3DF9003C}.Release|ARM.ActiveCfg = Release|iPhone
		{F444FF73-259E-4037-8C09-E78E3DF9003C}.Release|iPhone.ActiveCfg = Release|iPhone
		{F444FF73-259E-4037-8C09-E78E3DF9003C}.Release|iPhone.Build.0 = Release|iPhone
		{F444FF73-259E-4037-8C09-E78E3DF9003C}.Release|iPhoneSimulator.ActiveCfg = Release|iPhoneSimulator
		{F444FF73-259E-4037-8C09-E78E3DF9003C}.Release|iPhoneSimulator.Build.0 = Release|iPhoneSimulator
		{F444FF73-259E-4037-8C09-E78E3DF9003C}.Release|x64.ActiveCfg = Release|iPhone
		{F444FF73-259E-4037-8C09-E78E3DF9003C}.Release|x86.ActiveCfg = Release|iPhone
		{02F66085-8AF3-4BED-AF85-649EA809B73D}.Ad-Hoc|Any CPU.ActiveCfg = Debug|Any CPU
		{02F66085-8AF3-4BED-AF85-649EA809B73D}.Ad-Hoc|Any CPU.Build.0 = Debug|Any CPU
		{02F66085-8AF3-4BED-AF85-649EA809B73D}.Ad-Hoc|ARM.ActiveCfg = Debug|Any CPU
		{02F66085-8AF3-4BED-AF85-649EA809B73D}.Ad-Hoc|ARM.Build.0 = Debug|Any CPU
		{02F66085-8AF3-4BED-AF85-649EA809B73D}.Ad-Hoc|iPhone.ActiveCfg = Debug|Any CPU
		{02F66085-8AF3-4BED-AF85-649EA809B73D}.Ad-Hoc|iPhone.Build.0 = Debug|Any CPU
		{02F66085-8AF3-4BED-AF85-649EA809B73D}.Ad-Hoc|iPhoneSimulator.ActiveCfg = Debug|Any CPU
		{02F66085-8AF3-4BED-AF85-649EA809B73D}.Ad-Hoc|iPhoneSimulator.Build.0 = Debug|Any CPU
		{02F66085-8AF3-4BED-AF85-649EA809B73D}.Ad-Hoc|x64.ActiveCfg = Debug|Any CPU
		{02F66085-8AF3-4BED-AF85-649EA809B73D}.Ad-Hoc|x64.Build.0 = Debug|Any CPU
		{02F66085-8AF3-4BED-AF85-649EA809B73D}.Ad-Hoc|x86.ActiveCfg = Debug|Any CPU
		{02F66085-8AF3-4BED-AF85-649EA809B73D}.Ad-Hoc|x86.Build.0 = Debug|Any CPU
		{02F66085-8AF3-4BED-AF85-649EA809B73D}.AppStore|Any CPU.ActiveCfg = Debug|Any CPU
		{02F66085-8AF3-4BED-AF85-649EA809B73D}.AppStore|Any CPU.Build.0 = Debug|Any CPU
		{02F66085-8AF3-4BED-AF85-649EA809B73D}.AppStore|ARM.ActiveCfg = Debug|Any CPU
		{02F66085-8AF3-4BED-AF85-649EA809B73D}.AppStore|ARM.Build.0 = Debug|Any CPU
		{02F66085-8AF3-4BED-AF85-649EA809B73D}.AppStore|iPhone.ActiveCfg = Debug|Any CPU
		{02F66085-8AF3-4BED-AF85-649EA809B73D}.AppStore|iPhone.Build.0 = Debug|Any CPU
		{02F66085-8AF3-4BED-AF85-649EA809B73D}.AppStore|iPhoneSimulator.ActiveCfg = Debug|Any CPU
		{02F66085-8AF3-4BED-AF85-649EA809B73D}.AppStore|iPhoneSimulator.Build.0 = Debug|Any CPU
		{02F66085-8AF3-4BED-AF85-649EA809B73D}.AppStore|x64.ActiveCfg = Debug|Any CPU
		{02F66085-8AF3-4BED-AF85-649EA809B73D}.AppStore|x64.Build.0 = Debug|Any CPU
		{02F66085-8AF3-4BED-AF85-649EA809B73D}.AppStore|x86.ActiveCfg = Debug|Any CPU
		{02F66085-8AF3-4BED-AF85-649EA809B73D}.AppStore|x86.Build.0 = Debug|Any CPU
		{02F66085-8AF3-4BED-AF85-649EA809B73D}.Debug|Any CPU.ActiveCfg = Debug|Any CPU
		{02F66085-8AF3-4BED-AF85-649EA809B73D}.Debug|Any CPU.Build.0 = Debug|Any CPU
		{02F66085-8AF3-4BED-AF85-649EA809B73D}.Debug|ARM.ActiveCfg = Debug|Any CPU
		{02F66085-8AF3-4BED-AF85-649EA809B73D}.Debug|ARM.Build.0 = Debug|Any CPU
		{02F66085-8AF3-4BED-AF85-649EA809B73D}.Debug|iPhone.ActiveCfg = Debug|Any CPU
		{02F66085-8AF3-4BED-AF85-649EA809B73D}.Debug|iPhone.Build.0 = Debug|Any CPU
		{02F66085-8AF3-4BED-AF85-649EA809B73D}.Debug|iPhoneSimulator.ActiveCfg = Debug|Any CPU
		{02F66085-8AF3-4BED-AF85-649EA809B73D}.Debug|iPhoneSimulator.Build.0 = Debug|Any CPU
		{02F66085-8AF3-4BED-AF85-649EA809B73D}.Debug|x64.ActiveCfg = Debug|Any CPU
		{02F66085-8AF3-4BED-AF85-649EA809B73D}.Debug|x64.Build.0 = Debug|Any CPU
		{02F66085-8AF3-4BED-AF85-649EA809B73D}.Debug|x86.ActiveCfg = Debug|Any CPU
		{02F66085-8AF3-4BED-AF85-649EA809B73D}.Debug|x86.Build.0 = Debug|Any CPU
		{02F66085-8AF3-4BED-AF85-649EA809B73D}.Release|Any CPU.ActiveCfg = Release|Any CPU
		{02F66085-8AF3-4BED-AF85-649EA809B73D}.Release|Any CPU.Build.0 = Release|Any CPU
		{02F66085-8AF3-4BED-AF85-649EA809B73D}.Release|ARM.ActiveCfg = Release|Any CPU
		{02F66085-8AF3-4BED-AF85-649EA809B73D}.Release|ARM.Build.0 = Release|Any CPU
		{02F66085-8AF3-4BED-AF85-649EA809B73D}.Release|iPhone.ActiveCfg = Release|Any CPU
		{02F66085-8AF3-4BED-AF85-649EA809B73D}.Release|iPhone.Build.0 = Release|Any CPU
		{02F66085-8AF3-4BED-AF85-649EA809B73D}.Release|iPhoneSimulator.ActiveCfg = Release|Any CPU
		{02F66085-8AF3-4BED-AF85-649EA809B73D}.Release|iPhoneSimulator.Build.0 = Release|Any CPU
		{02F66085-8AF3-4BED-AF85-649EA809B73D}.Release|x64.ActiveCfg = Release|Any CPU
		{02F66085-8AF3-4BED-AF85-649EA809B73D}.Release|x64.Build.0 = Release|Any CPU
		{02F66085-8AF3-4BED-AF85-649EA809B73D}.Release|x86.ActiveCfg = Release|Any CPU
		{02F66085-8AF3-4BED-AF85-649EA809B73D}.Release|x86.Build.0 = Release|Any CPU
	EndGlobalSection
	GlobalSection(SolutionProperties) = preSolution
		HideSolutionNode = FALSE
	EndGlobalSection
	GlobalSection(ExtensibilityGlobals) = postSolution
		SolutionGuid = {EFC393B1-C2BE-4BD7-9C85-0708537992AF}
	EndGlobalSection
EndGlobal
